
Microsoft Visual Studio Solution File, Format Version 12.00
# Visual Studio Version 17
VisualStudioVersion = 17.4.33213.308
MinimumVisualStudioVersion = 10.0.40219.1
Project("{9A19103F-16F7-4668-BE54-9A1E7A4F7556}") = "IMDbion_MovieHandlerService", "IMDbion_MovieHandlerService\IMDbion_MovieHandlerService.csproj", "{9E9A7F94-B7FA-44FA-8B3B-13452B60FC77}"
EndProject
Project("{FAE04EC0-301F-11D3-BF4B-00C04F79EFBC}") = "IMDbion_MovieHandlerService.Test", "IMDbion_MovieHandlerService.Test\IMDbion_MovieHandlerService.Test.csproj", "{A8879716-42F8-418C-80A9-50A4A5ECCF02}"
EndProject
Global
	GlobalSection(SolutionConfigurationPlatforms) = preSolution
		Debug|Any CPU = Debug|Any CPU
		Release|Any CPU = Release|Any CPU
	EndGlobalSection
	GlobalSection(ProjectConfigurationPlatforms) = postSolution
		{9E9A7F94-B7FA-44FA-8B3B-13452B60FC77}.Debug|Any CPU.ActiveCfg = Debug|Any CPU
		{9E9A7F94-B7FA-44FA-8B3B-13452B60FC77}.Debug|Any CPU.Build.0 = Debug|Any CPU
		{9E9A7F94-B7FA-44FA-8B3B-13452B60FC77}.Release|Any CPU.ActiveCfg = Release|Any CPU
		{9E9A7F94-B7FA-44FA-8B3B-13452B60FC77}.Release|Any CPU.Build.0 = Release|Any CPU
		{A8879716-42F8-418C-80A9-50A4A5ECCF02}.Debug|Any CPU.ActiveCfg = Debug|Any CPU
		{A8879716-42F8-418C-80A9-50A4A5ECCF02}.Debug|Any CPU.Build.0 = Debug|Any CPU
		{A8879716-42F8-418C-80A9-50A4A5ECCF02}.Release|Any CPU.ActiveCfg = Release|Any CPU
		{A8879716-42F8-418C-80A9-50A4A5ECCF02}.Release|Any CPU.Build.0 = Release|Any CPU
	EndGlobalSection
	GlobalSection(SolutionProperties) = preSolution
		HideSolutionNode = FALSE
	EndGlobalSection
	GlobalSection(ExtensibilityGlobals) = postSolution
		SolutionGuid = {43038CD4-D992-4747-9F47-494DC8A9EE1D}
	EndGlobalSection
EndGlobal
